
Microsoft Visual Studio Solution File, Format Version 12.00
# Visual Studio Version 17
VisualStudioVersion = 17.13.35919.96
MinimumVisualStudioVersion = 10.0.40219.1
Project("{FAE04EC0-301F-11D3-BF4B-00C04F79EFBC}") = "GabrielForm", "S1 - Taskool (ok)\GabrielForm.csproj", "{6DD5E7BD-42E7-448B-BEDD-2C04CAC42249}"
EndProject
Global
	GlobalSection(SolutionConfigurationPlatforms) = preSolution
		Debug|Any CPU = Debug|Any CPU
		Release|Any CPU = Release|Any CPU
	EndGlobalSection
	GlobalSection(ProjectConfigurationPlatforms) = postSolution
		{6DD5E7BD-42E7-448B-BEDD-2C04CAC42249}.Debug|Any CPU.ActiveCfg = Debug|Any CPU
		{6DD5E7BD-42E7-448B-BEDD-2C04CAC42249}.Debug|Any CPU.Build.0 = Debug|Any CPU
		{6DD5E7BD-42E7-448B-BEDD-2C04CAC42249}.Release|Any CPU.ActiveCfg = Release|Any CPU
		{6DD5E7BD-42E7-448B-BEDD-2C04CAC42249}.Release|Any CPU.Build.0 = Release|Any CPU
	EndGlobalSection
	GlobalSection(SolutionProperties) = preSolution
		HideSolutionNode = FALSE
	EndGlobalSection
	GlobalSection(ExtensibilityGlobals) = postSolution
		SolutionGuid = {D0EA9DE2-B871-4D83-A7EE-3EF3B6988F04}
	EndGlobalSection
EndGlobal
